
Microsoft Visual Studio Solution File, Format Version 12.00
# Visual Studio Version 17
VisualStudioVersion = 17.6.33829.357
MinimumVisualStudioVersion = 10.0.40219.1
Project("{FAE04EC0-301F-11D3-BF4B-00C04F79EFBC}") = "CodeStepByStep-CSharp", "CodeStepByStep-CSharp.csproj", "{48081676-3E1D-4FC1-ADC5-4CF800B03D6A}"
EndProject
Global
	GlobalSection(SolutionConfigurationPlatforms) = preSolution
		Debug|Any CPU = Debug|Any CPU
		Release|Any CPU = Release|Any CPU
	EndGlobalSection
	GlobalSection(ProjectConfigurationPlatforms) = postSolution
		{48081676-3E1D-4FC1-ADC5-4CF800B03D6A}.Debug|Any CPU.ActiveCfg = Debug|Any CPU
		{48081676-3E1D-4FC1-ADC5-4CF800B03D6A}.Debug|Any CPU.Build.0 = Debug|Any CPU
		{48081676-3E1D-4FC1-ADC5-4CF800B03D6A}.Release|Any CPU.ActiveCfg = Release|Any CPU
		{48081676-3E1D-4FC1-ADC5-4CF800B03D6A}.Release|Any CPU.Build.0 = Release|Any CPU
	EndGlobalSection
	GlobalSection(SolutionProperties) = preSolution
		HideSolutionNode = FALSE
	EndGlobalSection
	GlobalSection(ExtensibilityGlobals) = postSolution
		SolutionGuid = {85BCED41-6774-4ED2-AE15-F29E44EF2A35}
	EndGlobalSection
EndGlobal
